
Microsoft Visual Studio Solution File, Format Version 12.00
# Visual Studio Version 16
VisualStudioVersion = 16.0.29806.167
MinimumVisualStudioVersion = 10.0.40219.1
Project("{FAE04EC0-301F-11D3-BF4B-00C04F79EFBC}") = "balkezesek", "balkezesek\balkezesek.csproj", "{5FAA667E-7929-4FBF-8169-6552862E80AE}"
EndProject
Global
	GlobalSection(SolutionConfigurationPlatforms) = preSolution
		Debug|Any CPU = Debug|Any CPU
		Release|Any CPU = Release|Any CPU
	EndGlobalSection
	GlobalSection(ProjectConfigurationPlatforms) = postSolution
		{5FAA667E-7929-4FBF-8169-6552862E80AE}.Debug|Any CPU.ActiveCfg = Debug|Any CPU
		{5FAA667E-7929-4FBF-8169-6552862E80AE}.Debug|Any CPU.Build.0 = Debug|Any CPU
		{5FAA667E-7929-4FBF-8169-6552862E80AE}.Release|Any CPU.ActiveCfg = Release|Any CPU
		{5FAA667E-7929-4FBF-8169-6552862E80AE}.Release|Any CPU.Build.0 = Release|Any CPU
	EndGlobalSection
	GlobalSection(SolutionProperties) = preSolution
		HideSolutionNode = FALSE
	EndGlobalSection
	GlobalSection(ExtensibilityGlobals) = postSolution
		SolutionGuid = {4167A953-2E76-4EAA-9BBC-FFBEAFCFDB15}
	EndGlobalSection
EndGlobal
